
Microsoft Visual Studio Solution File, Format Version 12.00
# Visual Studio Version 17
VisualStudioVersion = 17.7.34031.279
MinimumVisualStudioVersion = 10.0.40219.1
Project("{FAE04EC0-301F-11D3-BF4B-00C04F79EFBC}") = "while 3", "while 3\while 3.csproj", "{72D4A8B1-1AB2-4EED-8A79-A74793520A24}"
EndProject
Global
	GlobalSection(SolutionConfigurationPlatforms) = preSolution
		Debug|Any CPU = Debug|Any CPU
		Release|Any CPU = Release|Any CPU
	EndGlobalSection
	GlobalSection(ProjectConfigurationPlatforms) = postSolution
		{72D4A8B1-1AB2-4EED-8A79-A74793520A24}.Debug|Any CPU.ActiveCfg = Debug|Any CPU
		{72D4A8B1-1AB2-4EED-8A79-A74793520A24}.Debug|Any CPU.Build.0 = Debug|Any CPU
		{72D4A8B1-1AB2-4EED-8A79-A74793520A24}.Release|Any CPU.ActiveCfg = Release|Any CPU
		{72D4A8B1-1AB2-4EED-8A79-A74793520A24}.Release|Any CPU.Build.0 = Release|Any CPU
	EndGlobalSection
	GlobalSection(SolutionProperties) = preSolution
		HideSolutionNode = FALSE
	EndGlobalSection
	GlobalSection(ExtensibilityGlobals) = postSolution
		SolutionGuid = {36F7364D-5D34-44E0-8734-46CDFA5D5A19}
	EndGlobalSection
EndGlobal
